
Microsoft Visual Studio Solution File, Format Version 12.00
# Visual Studio Version 16
VisualStudioVersion = 16.0.31702.278
MinimumVisualStudioVersion = 10.0.40219.1
Project("{FAE04EC0-301F-11D3-BF4B-00C04F79EFBC}") = "ATMApplication", "ATMApplication.csproj", "{701A090D-621E-44E7-872C-004F69ABE639}"
EndProject
Project("{FAE04EC0-301F-11D3-BF4B-00C04F79EFBC}") = "ATMApplicationTests", "..\ATMApplicationTests\ATMApplicationTests.csproj", "{D37CE6D7-6013-49D5-A5CA-D02BE5A11296}"
EndProject
Global
	GlobalSection(SolutionConfigurationPlatforms) = preSolution
		Debug|Any CPU = Debug|Any CPU
		Release|Any CPU = Release|Any CPU
	EndGlobalSection
	GlobalSection(ProjectConfigurationPlatforms) = postSolution
		{701A090D-621E-44E7-872C-004F69ABE639}.Debug|Any CPU.ActiveCfg = Debug|Any CPU
		{701A090D-621E-44E7-872C-004F69ABE639}.Debug|Any CPU.Build.0 = Debug|Any CPU
		{701A090D-621E-44E7-872C-004F69ABE639}.Release|Any CPU.ActiveCfg = Release|Any CPU
		{701A090D-621E-44E7-872C-004F69ABE639}.Release|Any CPU.Build.0 = Release|Any CPU
		{D37CE6D7-6013-49D5-A5CA-D02BE5A11296}.Debug|Any CPU.ActiveCfg = Debug|Any CPU
		{D37CE6D7-6013-49D5-A5CA-D02BE5A11296}.Debug|Any CPU.Build.0 = Debug|Any CPU
		{D37CE6D7-6013-49D5-A5CA-D02BE5A11296}.Release|Any CPU.ActiveCfg = Release|Any CPU
		{D37CE6D7-6013-49D5-A5CA-D02BE5A11296}.Release|Any CPU.Build.0 = Release|Any CPU
	EndGlobalSection
	GlobalSection(SolutionProperties) = preSolution
		HideSolutionNode = FALSE
	EndGlobalSection
	GlobalSection(ExtensibilityGlobals) = postSolution
		SolutionGuid = {029C3A3A-4263-4088-B57A-BC9983739FEE}
	EndGlobalSection
EndGlobal
